
Microsoft Visual Studio Solution File, Format Version 12.00
# Visual Studio Version 17
VisualStudioVersion = 17.11.35327.3
MinimumVisualStudioVersion = 10.0.40219.1
Project("{FAE04EC0-301F-11D3-BF4B-00C04F79EFBC}") = "IncomeExpenses", "IncomeExpenses.csproj", "{BA970F68-DAF0-402A-9CD6-575E4A535F97}"
EndProject
Global
	GlobalSection(SolutionConfigurationPlatforms) = preSolution
		Debug|Any CPU = Debug|Any CPU
		Release|Any CPU = Release|Any CPU
	EndGlobalSection
	GlobalSection(ProjectConfigurationPlatforms) = postSolution
		{BA970F68-DAF0-402A-9CD6-575E4A535F97}.Debug|Any CPU.ActiveCfg = Debug|Any CPU
		{BA970F68-DAF0-402A-9CD6-575E4A535F97}.Debug|Any CPU.Build.0 = Debug|Any CPU
		{BA970F68-DAF0-402A-9CD6-575E4A535F97}.Release|Any CPU.ActiveCfg = Release|Any CPU
		{BA970F68-DAF0-402A-9CD6-575E4A535F97}.Release|Any CPU.Build.0 = Release|Any CPU
	EndGlobalSection
	GlobalSection(SolutionProperties) = preSolution
		HideSolutionNode = FALSE
	EndGlobalSection
	GlobalSection(ExtensibilityGlobals) = postSolution
		SolutionGuid = {44BB4B00-5252-4871-9BF9-F1FE5F983006}
	EndGlobalSection
EndGlobal
